
Microsoft Visual Studio Solution File, Format Version 12.00
# Visual Studio Version 16
VisualStudioVersion = 16.0.31729.503
MinimumVisualStudioVersion = 10.0.40219.1
Project("{FAE04EC0-301F-11D3-BF4B-00C04F79EFBC}") = "ConsoleApp4", "ConsoleApp4\ConsoleApp4.csproj", "{3297E582-F03A-439A-A318-4F1E06727EEB}"
EndProject
Global
	GlobalSection(SolutionConfigurationPlatforms) = preSolution
		Debug|Any CPU = Debug|Any CPU
		Release|Any CPU = Release|Any CPU
	EndGlobalSection
	GlobalSection(ProjectConfigurationPlatforms) = postSolution
		{3297E582-F03A-439A-A318-4F1E06727EEB}.Debug|Any CPU.ActiveCfg = Debug|Any CPU
		{3297E582-F03A-439A-A318-4F1E06727EEB}.Debug|Any CPU.Build.0 = Debug|Any CPU
		{3297E582-F03A-439A-A318-4F1E06727EEB}.Release|Any CPU.ActiveCfg = Release|Any CPU
		{3297E582-F03A-439A-A318-4F1E06727EEB}.Release|Any CPU.Build.0 = Release|Any CPU
	EndGlobalSection
	GlobalSection(SolutionProperties) = preSolution
		HideSolutionNode = FALSE
	EndGlobalSection
	GlobalSection(ExtensibilityGlobals) = postSolution
		SolutionGuid = {E0655D0F-C8F0-409D-BABF-07F3E2053D54}
	EndGlobalSection
EndGlobal
